# Code generated by scarb DO NOT EDIT.
version = 1

[[package]]
name = "alexandria_bytes"
version = "0.1.0"
source = "git+https://github.com/keep-starknet-strange/alexandria.git#b5c8356ce7d46a3665e08a8016d5abc02d9b0fe2"
dependencies = [
 "alexandria_data_structures",
 "alexandria_math",
]

[[package]]
name = "alexandria_data_structures"
version = "0.2.0"
source = "git+https://github.com/keep-starknet-strange/alexandria.git#b5c8356ce7d46a3665e08a8016d5abc02d9b0fe2"
dependencies = [
 "alexandria_encoding",
]

[[package]]
name = "alexandria_encoding"
version = "0.1.0"
source = "git+https://github.com/keep-starknet-strange/alexandria.git#b5c8356ce7d46a3665e08a8016d5abc02d9b0fe2"
dependencies = [
 "alexandria_bytes",
 "alexandria_math",
 "alexandria_numeric",
]

[[package]]
name = "alexandria_math"
version = "0.2.0"
source = "git+https://github.com/keep-starknet-strange/alexandria.git#b5c8356ce7d46a3665e08a8016d5abc02d9b0fe2"
dependencies = [
 "alexandria_data_structures",
]

[[package]]
name = "alexandria_numeric"
version = "0.1.0"
source = "git+https://github.com/keep-starknet-strange/alexandria.git#b5c8356ce7d46a3665e08a8016d5abc02d9b0fe2"
dependencies = [
 "alexandria_math",
 "alexandria_searching",
]

[[package]]
name = "alexandria_searching"
version = "0.1.0"
source = "git+https://github.com/keep-starknet-strange/alexandria.git#b5c8356ce7d46a3665e08a8016d5abc02d9b0fe2"
dependencies = [
 "alexandria_data_structures",
]

[[package]]
name = "hyperlane_starknet"
version = "0.1.0"
dependencies = [
 "alexandria_bytes",
 "alexandria_math",
 "openzeppelin",
 "snforge_std",
]

[[package]]
name = "openzeppelin"
version = "0.10.0"
source = "git+https://github.com/OpenZeppelin/cairo-contracts.git?rev=f22438c#f22438cca0e81c807d7c1742e83050ebd0ffcb3b"

[[package]]
name = "snforge_std"
version = "0.22.0"
source = "git+https://github.com/foundry-rs/starknet-foundry?tag=v0.22.0#9b215944c6c5871c738381b4ded61bbf06e7ba35"
